// !$*UTF8*$!
{
	archiveVersion = 1;
	classes = {
	};
	objectVersion = 48;
	objects = {

/* Begin PBXBuildFile section */
		900965782025AA7300C6F752 /* ValidationService.swift in Sources */ = {isa = PBXBuildFile; fileRef = 900965772025AA7300C6F752 /* ValidationService.swift */; };
		9009657A2025DEFE00C6F752 /* Protocol.swift in Sources */ = {isa = PBXBuildFile; fileRef = 900965792025DEFE00C6F752 /* Protocol.swift */; };
		9009657E2025F75900C6F752 /* RGRegisterViewController.swift in Sources */ = {isa = PBXBuildFile; fileRef = 9009657D2025F75900C6F752 /* RGRegisterViewController.swift */; };
		900965822025F9E200C6F752 /* RegisterViewModel.swift in Sources */ = {isa = PBXBuildFile; fileRef = 900965812025F9E200C6F752 /* RegisterViewModel.swift */; };
		9065984E2025671E0079344A /* AppDelegate.swift in Sources */ = {isa = PBXBuildFile; fileRef = 9065984D2025671E0079344A /* AppDelegate.swift */; };
		906598552025671E0079344A /* Assets.xcassets in Resources */ = {isa = PBXBuildFile; fileRef = 906598542025671E0079344A /* Assets.xcassets */; };
		906598582025671E0079344A /* LaunchScreen.storyboard in Resources */ = {isa = PBXBuildFile; fileRef = 906598562025671E0079344A /* LaunchScreen.storyboard */; };
		90955A6F202578350080A021 /* RGLoginViewController.swift in Sources */ = {isa = PBXBuildFile; fileRef = 90955A6E202578350080A021 /* RGLoginViewController.swift */; };
		90BBD03120307EBD0003832D /* LoginViewModel.swift in Sources */ = {isa = PBXBuildFile; fileRef = 90BBD03020307EBC0003832D /* LoginViewModel.swift */; };
		90BBD03320318E800003832D /* UILabel+Extension.swift in Sources */ = {isa = PBXBuildFile; fileRef = 90BBD03220318E7F0003832D /* UILabel+Extension.swift */; };
		F0FF14438A75795E619E2B51 /* Pods_RxSwift_Login.framework in Frameworks */ = {isa = PBXBuildFile; fileRef = A281C5BE6A7D066E9DE608B6 /* Pods_RxSwift_Login.framework */; };
/* End PBXBuildFile section */

/* Begin PBXFileReference section */
		1EB766A86768B32ABD4AC7E7 /* Pods-RxSwift_Login.release.xcconfig */ = {isa = PBXFileReference; includeInIndex = 1; lastKnownFileType = text.xcconfig; name = "Pods-RxSwift_Login.release.xcconfig"; path = "Pods/Target Support Files/Pods-RxSwift_Login/Pods-RxSwift_Login.release.xcconfig"; sourceTree = "<group>"; };
		900965772025AA7300C6F752 /* ValidationService.swift */ = {isa = PBXFileReference; lastKnownFileType = sourcecode.swift; path = ValidationService.swift; sourceTree = "<group>"; };
		900965792025DEFE00C6F752 /* Protocol.swift */ = {isa = PBXFileReference; lastKnownFileType = sourcecode.swift; path = Protocol.swift; sourceTree = "<group>"; };
		9009657D2025F75900C6F752 /* RGRegisterViewController.swift */ = {isa = PBXFileReference; lastKnownFileType = sourcecode.swift; path = RGRegisterViewController.swift; sourceTree = "<group>"; };
		900965812025F9E200C6F752 /* RegisterViewModel.swift */ = {isa = PBXFileReference; lastKnownFileType = sourcecode.swift; path = RegisterViewModel.swift; sourceTree = "<group>"; };
		9065984A2025671E0079344A /* RxSwift_Login.app */ = {isa = PBXFileReference; explicitFileType = wrapper.application; includeInIndex = 0; path = RxSwift_Login.app; sourceTree = BUILT_PRODUCTS_DIR; };
		9065984D2025671E0079344A /* AppDelegate.swift */ = {isa = PBXFileReference; lastKnownFileType = sourcecode.swift; path = AppDelegate.swift; sourceTree = "<group>"; };
		906598542025671E0079344A /* Assets.xcassets */ = {isa = PBXFileReference; lastKnownFileType = folder.assetcatalog; path = Assets.xcassets; sourceTree = "<group>"; };
		906598572025671E0079344A /* Base */ = {isa = PBXFileReference; lastKnownFileType = file.storyboard; name = Base; path = Base.lproj/LaunchScreen.storyboard; sourceTree = "<group>"; };
		906598592025671E0079344A /* Info.plist */ = {isa = PBXFileReference; lastKnownFileType = text.plist.xml; path = Info.plist; sourceTree = "<group>"; };
		90955A6E202578350080A021 /* RGLoginViewController.swift */ = {isa = PBXFileReference; lastKnownFileType = sourcecode.swift; path = RGLoginViewController.swift; sourceTree = "<group>"; };
		90BBD03020307EBC0003832D /* LoginViewModel.swift */ = {isa = PBXFileReference; lastKnownFileType = sourcecode.swift; path = LoginViewModel.swift; sourceTree = "<group>"; };
		90BBD03220318E7F0003832D /* UILabel+Extension.swift */ = {isa = PBXFileReference; fileEncoding = 4; lastKnownFileType = sourcecode.swift; name = "UILabel+Extension.swift"; path = "RxSwift_Login/UILabel+Extension.swift"; sourceTree = SOURCE_ROOT; };
		A281C5BE6A7D066E9DE608B6 /* Pods_RxSwift_Login.framework */ = {isa = PBXFileReference; explicitFileType = wrapper.framework; includeInIndex = 0; path = Pods_RxSwift_Login.framework; sourceTree = BUILT_PRODUCTS_DIR; };
		C1B6706369DCAE0BFB99CADA /* Pods-RxSwift_Login.debug.xcconfig */ = {isa = PBXFileReference; includeInIndex = 1; lastKnownFileType = text.xcconfig; name = "Pods-RxSwift_Login.debug.xcconfig"; path = "Pods/Target Support Files/Pods-RxSwift_Login/Pods-RxSwift_Login.debug.xcconfig"; sourceTree = "<group>"; };
/* End PBXFileReference section */

/* Begin PBXFrameworksBuildPhase section */
		906598472025671E0079344A /* Frameworks */ = {
			isa = PBXFrameworksBuildPhase;
			buildActionMask = 2147483647;
			files = (
				F0FF14438A75795E619E2B51 /* Pods_RxSwift_Login.framework in Frameworks */,
			);
			runOnlyForDeploymentPostprocessing = 0;
		};
/* End PBXFrameworksBuildPhase section */

/* Begin PBXGroup section */
		66A45DB4271A2D49E29B3D1F /* Frameworks */ = {
			isa = PBXGroup;
			children = (
				A281C5BE6A7D066E9DE608B6 /* Pods_RxSwift_Login.framework */,
			);
			name = Frameworks;
			sourceTree = "<group>";
		};
		9009657F2025F95900C6F752 /* 注册 */ = {
			isa = PBXGroup;
			children = (
				9009657D2025F75900C6F752 /* RGRegisterViewController.swift */,
				900965772025AA7300C6F752 /* ValidationService.swift */,
				900965792025DEFE00C6F752 /* Protocol.swift */,
				900965812025F9E200C6F752 /* RegisterViewModel.swift */,
				90BBD03220318E7F0003832D /* UILabel+Extension.swift */,
			);
			path = "注册";
			sourceTree = "<group>";
		};
		900965802025F95900C6F752 /* 登录 */ = {
			isa = PBXGroup;
			children = (
				90955A6E202578350080A021 /* RGLoginViewController.swift */,
				90BBD03020307EBC0003832D /* LoginViewModel.swift */,
			);
			path = "登录";
			sourceTree = "<group>";
		};
		906598412025671E0079344A = {
			isa = PBXGroup;
			children = (
				9065984C2025671E0079344A /* RxSwift_Login */,
				9065984B2025671E0079344A /* Products */,
				C4126293BDEB19E142F97298 /* Pods */,
				66A45DB4271A2D49E29B3D1F /* Frameworks */,
			);
			sourceTree = "<group>";
		};
		9065984B2025671E0079344A /* Products */ = {
			isa = PBXGroup;
			children = (
				9065984A2025671E0079344A /* RxSwift_Login.app */,
			);
			name = Products;
			sourceTree = "<group>";
		};
		9065984C2025671E0079344A /* RxSwift_Login */ = {
			isa = PBXGroup;
			children = (
				9065984D2025671E0079344A /* AppDelegate.swift */,
				9009657F2025F95900C6F752 /* 注册 */,
				900965802025F95900C6F752 /* 登录 */,
				906598542025671E0079344A /* Assets.xcassets */,
				906598562025671E0079344A /* LaunchScreen.storyboard */,
				906598592025671E0079344A /* Info.plist */,
			);
			path = RxSwift_Login;
			sourceTree = "<group>";
		};
		C4126293BDEB19E142F97298 /* Pods */ = {
			isa = PBXGroup;
			children = (
				C1B6706369DCAE0BFB99CADA /* Pods-RxSwift_Login.debug.xcconfig */,
				1EB766A86768B32ABD4AC7E7 /* Pods-RxSwift_Login.release.xcconfig */,
			);
			name = Pods;
			sourceTree = "<group>";
		};
/* End PBXGroup section */

/* Begin PBXNativeTarget section */
		906598492025671E0079344A /* RxSwift_Login */ = {
			isa = PBXNativeTarget;
			buildConfigurationList = 9065985C2025671E0079344A /* Build configuration list for PBXNativeTarget "RxSwift_Login" */;
			buildPhases = (
				6296C77F2DBF058C8400B301 /* [CP] Check Pods Manifest.lock */,
				906598462025671E0079344A /* Sources */,
				906598472025671E0079344A /* Frameworks */,
				906598482025671E0079344A /* Resources */,
				ABA066E2E087927B5F83359E /* [CP] Embed Pods Frameworks */,
				A98A527EB80527B4F43C677A /* [CP] Copy Pods Resources */,
			);
			buildRules = (
			);
			dependencies = (
			);
			name = RxSwift_Login;
			productName = RxSwift_Login;
			productReference = 9065984A2025671E0079344A /* RxSwift_Login.app */;
			productType = "com.apple.product-type.application";
		};
/* End PBXNativeTarget section */

/* Begin PBXProject section */
		906598422025671E0079344A /* Project object */ = {
			isa = PBXProject;
			attributes = {
				LastSwiftUpdateCheck = 0900;
				LastUpgradeCheck = 0900;
				ORGANIZATIONNAME = ReevesGoo;
				TargetAttributes = {
					906598492025671E0079344A = {
						CreatedOnToolsVersion = 9.0.1;
						ProvisioningStyle = Automatic;
					};
				};
			};
			buildConfigurationList = 906598452025671E0079344A /* Build configuration list for PBXProject "RxSwift_Login" */;
			compatibilityVersion = "Xcode 8.0";
			developmentRegion = en;
			hasScannedForEncodings = 0;
			knownRegions = (
				en,
				Base,
			);
			mainGroup = 906598412025671E0079344A;
			productRefGroup = 9065984B2025671E0079344A /* Products */;
			projectDirPath = "";
			projectRoot = "";
			targets = (
				906598492025671E0079344A /* RxSwift_Login */,
			);
		};
/* End PBXProject section */

/* Begin PBXResourcesBuildPhase section */
		906598482025671E0079344A /* Resources */ = {
			isa = PBXResourcesBuildPhase;
			buildActionMask = 2147483647;
			files = (
				906598582025671E0079344A /* LaunchScreen.storyboard in Resources */,
				906598552025671E0079344A /* Assets.xcassets in Resources */,
			);
			runOnlyForDeploymentPostprocessing = 0;
		};
/* End PBXResourcesBuildPhase section */

/* Begin PBXShellScriptBuildPhase section */
		6296C77F2DBF058C8400B301 /* [CP] Check Pods Manifest.lock */ = {
			isa = PBXShellScriptBuildPhase;
			buildActionMask = 2147483647;
			files = (
			);
			inputPaths = (
				"${PODS_PODFILE_DIR_PATH}/Podfile.lock",
				"${PODS_ROOT}/Manifest.lock",
			);
			name = "[CP] Check Pods Manifest.lock";
			outputPaths = (
				"$(DERIVED_FILE_DIR)/Pods-RxSwift_Login-checkManifestLockResult.txt",
			);
			runOnlyForDeploymentPostprocessing = 0;
			shellPath = /bin/sh;
			shellScript = "diff \"${PODS_PODFILE_DIR_PATH}/Podfile.lock\" \"${PODS_ROOT}/Manifest.lock\" > /dev/null\nif [ $? != 0 ] ; then\n    # print error to STDERR\n    echo \"error: The sandbox is not in sync with the Podfile.lock. Run 'pod install' or update your CocoaPods installation.\" >&2\n    exit 1\nfi\n# This output is used by Xcode 'outputs' to avoid re-running this script phase.\necho \"SUCCESS\" > \"${SCRIPT_OUTPUT_FILE_0}\"\n";
			showEnvVarsInLog = 0;
		};
		A98A527EB80527B4F43C677A /* [CP] Copy Pods Resources */ = {
			isa = PBXShellScriptBuildPhase;
			buildActionMask = 2147483647;
			files = (
			);
			inputPaths = (
			);
			name = "[CP] Copy Pods Resources";
			outputPaths = (
			);
			runOnlyForDeploymentPostprocessing = 0;
			shellPath = /bin/sh;
			shellScript = "\"${SRCROOT}/Pods/Target Support Files/Pods-RxSwift_Login/Pods-RxSwift_Login-resources.sh\"\n";
			showEnvVarsInLog = 0;
		};
		ABA066E2E087927B5F83359E /* [CP] Embed Pods Frameworks */ = {
			isa = PBXShellScriptBuildPhase;
			buildActionMask = 2147483647;
			files = (
			);
			inputPaths = (
				"${SRCROOT}/Pods/Target Support Files/Pods-RxSwift_Login/Pods-RxSwift_Login-frameworks.sh",
				"${BUILT_PRODUCTS_DIR}/RxCocoa/RxCocoa.framework",
				"${BUILT_PRODUCTS_DIR}/RxSwift/RxSwift.framework",
				"${BUILT_PRODUCTS_DIR}/SDWebImage/SDWebImage.framework",
				"${BUILT_PRODUCTS_DIR}/SnapKit/SnapKit.framework",
			);
			name = "[CP] Embed Pods Frameworks";
			outputPaths = (
				"${TARGET_BUILD_DIR}/${FRAMEWORKS_FOLDER_PATH}/RxCocoa.framework",
				"${TARGET_BUILD_DIR}/${FRAMEWORKS_FOLDER_PATH}/RxSwift.framework",
				"${TARGET_BUILD_DIR}/${FRAMEWORKS_FOLDER_PATH}/SDWebImage.framework",
				"${TARGET_BUILD_DIR}/${FRAMEWORKS_FOLDER_PATH}/SnapKit.framework",
			);
			runOnlyForDeploymentPostprocessing = 0;
			shellPath = /bin/sh;
			shellScript = "\"${SRCROOT}/Pods/Target Support Files/Pods-RxSwift_Login/Pods-RxSwift_Login-frameworks.sh\"\n";
			showEnvVarsInLog = 0;
		};
/* End PBXShellScriptBuildPhase section */

/* Begin PBXSourcesBuildPhase section */
		906598462025671E0079344A /* Sources */ = {
			isa = PBXSourcesBuildPhase;
			buildActionMask = 2147483647;
			files = (
				90BBD03320318E800003832D /* UILabel+Extension.swift in Sources */,
				9009657E2025F75900C6F752 /* RGRegisterViewController.swift in Sources */,
				9065984E2025671E0079344A /* AppDelegate.swift in Sources */,
				9009657A2025DEFE00C6F752 /* Protocol.swift in Sources */,
				900965822025F9E200C6F752 /* RegisterViewModel.swift in Sources */,
				900965782025AA7300C6F752 /* ValidationService.swift in Sources */,
				90955A6F202578350080A021 /* RGLoginViewController.swift in Sources */,
				90BBD03120307EBD0003832D /* LoginViewModel.swift in Sources */,
			);
			runOnlyForDeploymentPostprocessing = 0;
		};
/* End PBXSourcesBuildPhase section */

/* Begin PBXVariantGroup section */
		906598562025671E0079344A /* LaunchScreen.storyboard */ = {
			isa = PBXVariantGroup;
			children = (
				906598572025671E0079344A /* Base */,
			);
			name = LaunchScreen.storyboard;
			sourceTree = "<group>";
		};
/* End PBXVariantGroup section */

/* Begin XCBuildConfiguration section */
		9065985A2025671E0079344A /* Debug */ = {
			isa = XCBuildConfiguration;
			buildSettings = {
				ALWAYS_SEARCH_USER_PATHS = NO;
				CLANG_ANALYZER_NONNULL = YES;
				CLANG_ANALYZER_NUMBER_OBJECT_CONVERSION = YES_AGGRESSIVE;
				CLANG_CXX_LANGUAGE_STANDARD = "gnu++14";
				CLANG_CXX_LIBRARY = "libc++";
				CLANG_ENABLE_MODULES = YES;
				CLANG_ENABLE_OBJC_ARC = YES;
				CLANG_WARN_BLOCK_CAPTURE_AUTORELEASING = YES;
				CLANG_WARN_BOOL_CONVERSION = YES;
				CLANG_WARN_COMMA = YES;
				CLANG_WARN_CONSTANT_CONVERSION = YES;
				CLANG_WARN_DIRECT_OBJC_ISA_USAGE = YES_ERROR;
				CLANG_WARN_DOCUMENTATION_COMMENTS = YES;
				CLANG_WARN_EMPTY_BODY = YES;
				CLANG_WARN_ENUM_CONVERSION = YES;
				CLANG_WARN_INFINITE_RECURSION = YES;
				CLANG_WARN_INT_CONVERSION = YES;
				CLANG_WARN_NON_LITERAL_NULL_CONVERSION = YES;
				CLANG_WARN_OBJC_LITERAL_CONVERSION = YES;
				CLANG_WARN_OBJC_ROOT_CLASS = YES_ERROR;
				CLANG_WARN_RANGE_LOOP_ANALYSIS = YES;
				CLANG_WARN_STRICT_PROTOTYPES = YES;
				CLANG_WARN_SUSPICIOUS_MOVE = YES;
				CLANG_WARN_UNGUARDED_AVAILABILITY = YES_AGGRESSIVE;
				CLANG_WARN_UNREACHABLE_CODE = YES;
				CLANG_WARN__DUPLICATE_METHOD_MATCH = YES;
				CODE_SIGN_IDENTITY = "iPhone Developer";
				COPY_PHASE_STRIP = NO;
				DEBUG_INFORMATION_FORMAT = dwarf;
				ENABLE_STRICT_OBJC_MSGSEND = YES;
				ENABLE_TESTABILITY = YES;
				GCC_C_LANGUAGE_STANDARD = gnu11;
				GCC_DYNAMIC_NO_PIC = NO;
				GCC_NO_COMMON_BLOCKS = YES;
				GCC_OPTIMIZATION_LEVEL = 0;
				GCC_PREPROCESSOR_DEFINITIONS = (
					"DEBUG=1",
					"$(inherited)",
				);
				GCC_WARN_64_TO_32_BIT_CONVERSION = YES;
				GCC_WARN_ABOUT_RETURN_TYPE = YES_ERROR;
				GCC_WARN_UNDECLARED_SELECTOR = YES;
				GCC_WARN_UNINITIALIZED_AUTOS = YES_AGGRESSIVE;
				GCC_WARN_UNUSED_FUNCTION = YES;
				GCC_WARN_UNUSED_VARIABLE = YES;
				IPHONEOS_DEPLOYMENT_TARGET = 11.0;
				MTL_ENABLE_DEBUG_INFO = YES;
				ONLY_ACTIVE_ARCH = YES;
				SDKROOT = iphoneos;
				SWIFT_ACTIVE_COMPILATION_CONDITIONS = DEBUG;
				SWIFT_OPTIMIZATION_LEVEL = "-Onone";
			};
			name = Debug;
		};
		9065985B2025671E0079344A /* Release */ = {
			isa = XCBuildConfiguration;
			buildSettings = {
				ALWAYS_SEARCH_USER_PATHS = NO;
				CLANG_ANALYZER_NONNULL = YES;
				CLANG_ANALYZER_NUMBER_OBJECT_CONVERSION = YES_AGGRESSIVE;
				CLANG_CXX_LANGUAGE_STANDARD = "gnu++14";
				CLANG_CXX_LIBRARY = "libc++";
				CLANG_ENABLE_MODULES = YES;
				CLANG_ENABLE_OBJC_ARC = YES;
				CLANG_WARN_BLOCK_CAPTURE_AUTORELEASING = YES;
				CLANG_WARN_BOOL_CONVERSION = YES;
				CLANG_WARN_COMMA = YES;
				CLANG_WARN_CONSTANT_CONVERSION = YES;
				CLANG_WARN_DIRECT_OBJC_ISA_USAGE = YES_ERROR;
				CLANG_WARN_DOCUMENTATION_COMMENTS = YES;
				CLANG_WARN_EMPTY_BODY = YES;
				CLANG_WARN_ENUM_CONVERSION = YES;
				CLANG_WARN_INFINITE_RECURSION = YES;
				CLANG_WARN_INT_CONVERSION = YES;
				CLANG_WARN_NON_LITERAL_NULL_CONVERSION = YES;
				CLANG_WARN_OBJC_LITERAL_CONVERSION = YES;
				CLANG_WARN_OBJC_ROOT_CLASS = YES_ERROR;
				CLANG_WARN_RANGE_LOOP_ANALYSIS = YES;
				CLANG_WARN_STRICT_PROTOTYPES = YES;
				CLANG_WARN_SUSPICIOUS_MOVE = YES;
				CLANG_WARN_UNGUARDED_AVAILABILITY = YES_AGGRESSIVE;
				CLANG_WARN_UNREACHABLE_CODE = YES;
				CLANG_WARN__DUPLICATE_METHOD_MATCH = YES;
				CODE_SIGN_IDENTITY = "iPhone Developer";
				COPY_PHASE_STRIP = NO;
				DEBUG_INFORMATION_FORMAT = "dwarf-with-dsym";
				ENABLE_NS_ASSERTIONS = NO;
				ENABLE_STRICT_OBJC_MSGSEND = YES;
				GCC_C_LANGUAGE_STANDARD = gnu11;
				GCC_NO_COMMON_BLOCKS = YES;
				GCC_WARN_64_TO_32_BIT_CONVERSION = YES;
				GCC_WARN_ABOUT_RETURN_TYPE = YES_ERROR;
				GCC_WARN_UNDECLARED_SELECTOR = YES;
				GCC_WARN_UNINITIALIZED_AUTOS = YES_AGGRESSIVE;
				GCC_WARN_UNUSED_FUNCTION = YES;
				GCC_WARN_UNUSED_VARIABLE = YES;
				IPHONEOS_DEPLOYMENT_TARGET = 11.0;
				MTL_ENABLE_DEBUG_INFO = NO;
				SDKROOT = iphoneos;
				SWIFT_OPTIMIZATION_LEVEL = "-Owholemodule";
				VALIDATE_PRODUCT = YES;
			};
			name = Release;
		};
		9065985D2025671E0079344A /* Debug */ = {
			isa = XCBuildConfiguration;
			baseConfigurationReference = C1B6706369DCAE0BFB99CADA /* Pods-RxSwift_Login.debug.xcconfig */;
			buildSettings = {
				ASSETCATALOG_COMPILER_APPICON_NAME = AppIcon;
				CODE_SIGN_STYLE = Automatic;
				DEVELOPMENT_TEAM = S73S9XK89Y;
				INFOPLIST_FILE = RxSwift_Login/Info.plist;
				IPHONEOS_DEPLOYMENT_TARGET = 9.0;
				LD_RUNPATH_SEARCH_PATHS = "$(inherited) @executable_path/Frameworks";
				PRODUCT_BUNDLE_IDENTIFIER = "com.reevesgoo.RxSwift-Login";
				PRODUCT_NAME = "$(TARGET_NAME)";
				SWIFT_VERSION = 4.0;
				TARGETED_DEVICE_FAMILY = "1,2";
			};
			name = Debug;
		};
		9065985E2025671E0079344A /* Release */ = {
			isa = XCBuildConfiguration;
			baseConfigurationReference = 1EB766A86768B32ABD4AC7E7 /* Pods-RxSwift_Login.release.xcconfig */;
			buildSettings = {
				ASSETCATALOG_COMPILER_APPICON_NAME = AppIcon;
				CODE_SIGN_STYLE = Automatic;
				DEVELOPMENT_TEAM = S73S9XK89Y;
				INFOPLIST_FILE = RxSwift_Login/Info.plist;
				IPHONEOS_DEPLOYMENT_TARGET = 9.0;
				LD_RUNPATH_SEARCH_PATHS = "$(inherited) @executable_path/Frameworks";
				PRODUCT_BUNDLE_IDENTIFIER = "com.reevesgoo.RxSwift-Login";
				PRODUCT_NAME = "$(TARGET_NAME)";
				SWIFT_VERSION = 4.0;
				TARGETED_DEVICE_FAMILY = "1,2";
			};
			name = Release;
		};
/* End XCBuildConfiguration section */

/* Begin XCConfigurationList section */
		906598452025671E0079344A /* Build configuration list for PBXProject "RxSwift_Login" */ = {
			isa = XCConfigurationList;
			buildConfigurations = (
				9065985A2025671E0079344A /* Debug */,
				9065985B2025671E0079344A /* Release */,
			);
			defaultConfigurationIsVisible = 0;
			defaultConfigurationName = Release;
		};
		9065985C2025671E0079344A /* Build configuration list for PBXNativeTarget "RxSwift_Login" */ = {
			isa = XCConfigurationList;
			buildConfigurations = (
				9065985D2025671E0079344A /* Debug */,
				9065985E2025671E0079344A /* Release */,
			);
			defaultConfigurationIsVisible = 0;
			defaultConfigurationName = Release;
		};
/* End XCConfigurationList section */
	};
	rootObject = 906598422025671E0079344A /* Project object */;
}
